
Microsoft Visual Studio Solution File, Format Version 9.00
# Visual Studio 2005
Project("{E24C65DC-7377-472B-9ABA-BC803B73C61A}") = "D:\C#\LT13-1\", "D:\C#\LT13-1\", "{41C3ADBD-0394-44B4-8326-B2DDB9001437}"
	ProjectSection(WebsiteProperties) = preProject
		Debug.AspNetCompiler.VirtualPath = "/LT13-1"
		Debug.AspNetCompiler.PhysicalPath = "D:\C#\LT13-1\"
		Debug.AspNetCompiler.TargetPath = "PrecompiledWeb\LT13-1\"
		Debug.AspNetCompiler.Updateable = "true"
		Debug.AspNetCompiler.ForceOverwrite = "true"
		Debug.AspNetCompiler.FixedNames = "false"
		Debug.AspNetCompiler.Debug = "True"
		Release.AspNetCompiler.VirtualPath = "/LT13-1"
		Release.AspNetCompiler.PhysicalPath = "D:\C#\LT13-1\"
		Release.AspNetCompiler.TargetPath = "PrecompiledWeb\LT13-1\"
		Release.AspNetCompiler.Updateable = "true"
		Release.AspNetCompiler.ForceOverwrite = "true"
		Release.AspNetCompiler.FixedNames = "false"
		Release.AspNetCompiler.Debug = "False"
		VWDPort = "2763"
		DefaultWebSiteLanguage = "Visual C#"
	EndProjectSection
EndProject
Global
	GlobalSection(SolutionConfigurationPlatforms) = preSolution
		Debug|.NET = Debug|.NET
	EndGlobalSection
	GlobalSection(ProjectConfigurationPlatforms) = postSolution
		{41C3ADBD-0394-44B4-8326-B2DDB9001437}.Debug|.NET.ActiveCfg = Debug|.NET
		{41C3ADBD-0394-44B4-8326-B2DDB9001437}.Debug|.NET.Build.0 = Debug|.NET
	EndGlobalSection
	GlobalSection(SolutionProperties) = preSolution
		HideSolutionNode = FALSE
	EndGlobalSection
EndGlobal
