
Microsoft Visual Studio Solution File, Format Version 10.00
# Visual Studio 2008
Project("{E24C65DC-7377-472B-9ABA-BC803B73C61A}") = "lt13-1", "D:\ASP.NET 3.5\code\lt13-1\", "{D025D28A-D6C4-4AE5-BCE6-F09861E888FB}"
	ProjectSection(WebsiteProperties) = preProject
		TargetFramework = "3.5"
		Debug.AspNetCompiler.VirtualPath = "/lt13-1"
		Debug.AspNetCompiler.PhysicalPath = "D:\ASP.NET 3.5\code\lt13-1\"
		Debug.AspNetCompiler.TargetPath = "PrecompiledWeb\lt13-1\"
		Debug.AspNetCompiler.Updateable = "true"
		Debug.AspNetCompiler.ForceOverwrite = "true"
		Debug.AspNetCompiler.FixedNames = "false"
		Debug.AspNetCompiler.Debug = "True"
		Release.AspNetCompiler.VirtualPath = "/lt13-1"
		Release.AspNetCompiler.PhysicalPath = "D:\ASP.NET 3.5\code\lt13-1\"
		Release.AspNetCompiler.TargetPath = "PrecompiledWeb\lt13-1\"
		Release.AspNetCompiler.Updateable = "true"
		Release.AspNetCompiler.ForceOverwrite = "true"
		Release.AspNetCompiler.FixedNames = "false"
		Release.AspNetCompiler.Debug = "False"
		VWDPort = "2616"
		DefaultWebSiteLanguage = "Visual C#"
	EndProjectSection
EndProject
Global
	GlobalSection(SolutionConfigurationPlatforms) = preSolution
		Debug|Any CPU = Debug|Any CPU
		Release|Any CPU = Release|Any CPU
	EndGlobalSection
	GlobalSection(ProjectConfigurationPlatforms) = postSolution
		{D025D28A-D6C4-4AE5-BCE6-F09861E888FB}.Debug|Any CPU.ActiveCfg = Debug|Any CPU
		{D025D28A-D6C4-4AE5-BCE6-F09861E888FB}.Debug|Any CPU.Build.0 = Debug|Any CPU
		{D025D28A-D6C4-4AE5-BCE6-F09861E888FB}.Release|Any CPU.ActiveCfg = Debug|Any CPU
		{D025D28A-D6C4-4AE5-BCE6-F09861E888FB}.Release|Any CPU.Build.0 = Debug|Any CPU
	EndGlobalSection
	GlobalSection(SolutionProperties) = preSolution
		HideSolutionNode = FALSE
	EndGlobalSection
EndGlobal
