
Microsoft Visual Studio Solution File, Format Version 12.00
# Visual Studio Version 16
VisualStudioVersion = 16.0.32901.82
MinimumVisualStudioVersion = 10.0.40219.1
Project("{FAE04EC0-301F-11D3-BF4B-00C04F79EFBC}") = "SubtractionQuestions", "SubtractionQuestions\SubtractionQuestions.csproj", "{5AF62FAA-6717-4BDE-9FB3-D0333000EBD3}"
EndProject
Global
	GlobalSection(SolutionConfigurationPlatforms) = preSolution
		Debug|Any CPU = Debug|Any CPU
		Release|Any CPU = Release|Any CPU
	EndGlobalSection
	GlobalSection(ProjectConfigurationPlatforms) = postSolution
		{5AF62FAA-6717-4BDE-9FB3-D0333000EBD3}.Debug|Any CPU.ActiveCfg = Debug|Any CPU
		{5AF62FAA-6717-4BDE-9FB3-D0333000EBD3}.Debug|Any CPU.Build.0 = Debug|Any CPU
		{5AF62FAA-6717-4BDE-9FB3-D0333000EBD3}.Release|Any CPU.ActiveCfg = Release|Any CPU
		{5AF62FAA-6717-4BDE-9FB3-D0333000EBD3}.Release|Any CPU.Build.0 = Release|Any CPU
	EndGlobalSection
	GlobalSection(SolutionProperties) = preSolution
		HideSolutionNode = FALSE
	EndGlobalSection
	GlobalSection(ExtensibilityGlobals) = postSolution
		SolutionGuid = {C6721B66-5218-490D-AB68-5461063E0526}
	EndGlobalSection
EndGlobal
