
Microsoft Visual Studio Solution File, Format Version 12.00
# Visual Studio Version 16
VisualStudioVersion = 16.0.32901.82
MinimumVisualStudioVersion = 10.0.40219.1
Project("{FAE04EC0-301F-11D3-BF4B-00C04F79EFBC}") = "studentData", "studentData\studentData.csproj", "{A89E3718-20E3-4FC9-98D4-A4AD6A376F51}"
EndProject
Global
	GlobalSection(SolutionConfigurationPlatforms) = preSolution
		Debug|Any CPU = Debug|Any CPU
		Release|Any CPU = Release|Any CPU
	EndGlobalSection
	GlobalSection(ProjectConfigurationPlatforms) = postSolution
		{A89E3718-20E3-4FC9-98D4-A4AD6A376F51}.Debug|Any CPU.ActiveCfg = Debug|Any CPU
		{A89E3718-20E3-4FC9-98D4-A4AD6A376F51}.Debug|Any CPU.Build.0 = Debug|Any CPU
		{A89E3718-20E3-4FC9-98D4-A4AD6A376F51}.Release|Any CPU.ActiveCfg = Release|Any CPU
		{A89E3718-20E3-4FC9-98D4-A4AD6A376F51}.Release|Any CPU.Build.0 = Release|Any CPU
	EndGlobalSection
	GlobalSection(SolutionProperties) = preSolution
		HideSolutionNode = FALSE
	EndGlobalSection
	GlobalSection(ExtensibilityGlobals) = postSolution
		SolutionGuid = {AB17BF89-F2C9-4A18-8A7B-EFC2514AEC3B}
	EndGlobalSection
EndGlobal
