
Microsoft Visual Studio Solution File, Format Version 9.00
# Visual Studio 2005
Project("{E24C65DC-7377-472B-9ABA-BC803B73C61A}") = "C:\...\跨页数据传递\", ".", "{E5BC6EF1-C39D-4C8F-B78F-52750815CF0C}"
	ProjectSection(WebsiteProperties) = preProject
		Debug.AspNetCompiler.VirtualPath = "/跨页数据传递"
		Debug.AspNetCompiler.PhysicalPath = "..\跨页数据传递\"
		Debug.AspNetCompiler.TargetPath = "PrecompiledWeb\跨页数据传递\"
		Debug.AspNetCompiler.Updateable = "true"
		Debug.AspNetCompiler.ForceOverwrite = "true"
		Debug.AspNetCompiler.FixedNames = "false"
		Debug.AspNetCompiler.Debug = "True"
		Release.AspNetCompiler.VirtualPath = "/跨页数据传递"
		Release.AspNetCompiler.PhysicalPath = "..\跨页数据传递\"
		Release.AspNetCompiler.TargetPath = "PrecompiledWeb\跨页数据传递\"
		Release.AspNetCompiler.Updateable = "true"
		Release.AspNetCompiler.ForceOverwrite = "true"
		Release.AspNetCompiler.FixedNames = "false"
		Release.AspNetCompiler.Debug = "False"
		VWDPort = "2740"
	EndProjectSection
EndProject
Global
	GlobalSection(SolutionConfigurationPlatforms) = preSolution
		Debug|.NET = Debug|.NET
	EndGlobalSection
	GlobalSection(ProjectConfigurationPlatforms) = postSolution
		{E5BC6EF1-C39D-4C8F-B78F-52750815CF0C}.Debug|.NET.ActiveCfg = Debug|.NET
		{E5BC6EF1-C39D-4C8F-B78F-52750815CF0C}.Debug|.NET.Build.0 = Debug|.NET
	EndGlobalSection
	GlobalSection(SolutionProperties) = preSolution
		HideSolutionNode = FALSE
	EndGlobalSection
EndGlobal
