
Microsoft Visual Studio Solution File, Format Version 9.00
# Visual Studio 2005
Project("{E24C65DC-7377-472B-9ABA-BC803B73C61A}") = "C:\...\获取浏览器信息\", ".", "{DFBC62EA-2CAD-4FFC-A4E7-D6706D525B3F}"
	ProjectSection(WebsiteProperties) = preProject
		Debug.AspNetCompiler.VirtualPath = "/获取浏览器信息"
		Debug.AspNetCompiler.PhysicalPath = "..\获取浏览器信息\"
		Debug.AspNetCompiler.TargetPath = "PrecompiledWeb\获取浏览器信息\"
		Debug.AspNetCompiler.Updateable = "true"
		Debug.AspNetCompiler.ForceOverwrite = "true"
		Debug.AspNetCompiler.FixedNames = "false"
		Debug.AspNetCompiler.Debug = "True"
		Release.AspNetCompiler.VirtualPath = "/获取浏览器信息"
		Release.AspNetCompiler.PhysicalPath = "..\获取浏览器信息\"
		Release.AspNetCompiler.TargetPath = "PrecompiledWeb\获取浏览器信息\"
		Release.AspNetCompiler.Updateable = "true"
		Release.AspNetCompiler.ForceOverwrite = "true"
		Release.AspNetCompiler.FixedNames = "false"
		Release.AspNetCompiler.Debug = "False"
		VWDPort = "10188"
	EndProjectSection
EndProject
Global
	GlobalSection(SolutionConfigurationPlatforms) = preSolution
		Debug|.NET = Debug|.NET
	EndGlobalSection
	GlobalSection(ProjectConfigurationPlatforms) = postSolution
		{DFBC62EA-2CAD-4FFC-A4E7-D6706D525B3F}.Debug|.NET.ActiveCfg = Debug|.NET
		{DFBC62EA-2CAD-4FFC-A4E7-D6706D525B3F}.Debug|.NET.Build.0 = Debug|.NET
	EndGlobalSection
	GlobalSection(SolutionProperties) = preSolution
		HideSolutionNode = FALSE
	EndGlobalSection
EndGlobal
